
Microsoft Visual Studio Solution File, Format Version 12.00
# Visual Studio Version 17
VisualStudioVersion = 17.4.33110.190
MinimumVisualStudioVersion = 10.0.40219.1
Project("{FAE04EC0-301F-11D3-BF4B-00C04F79EFBC}") = "AccountingApp", "AccountingApp\AccountingApp.csproj", "{FC14089F-80A5-455A-A5F3-8321151283ED}"
EndProject
Project("{FAE04EC0-301F-11D3-BF4B-00C04F79EFBC}") = "Accounting.DataLayer", "Accounting.DataLayer\Accounting.DataLayer.csproj", "{25B54B37-764E-49AC-858C-E45D5F21D312}"
EndProject
Project("{FAE04EC0-301F-11D3-BF4B-00C04F79EFBC}") = "Accounting.Utilities", "Accounting.Utilities\Accounting.Utilities.csproj", "{0E787F1A-7377-435A-8157-74CC2D1A6A8D}"
EndProject
Project("{FAE04EC0-301F-11D3-BF4B-00C04F79EFBC}") = "Accounting.ViewModels", "Accounting.ViewModels\Accounting.ViewModels.csproj", "{E206DE59-D464-473A-BBAB-5F4CFD8EDB09}"
EndProject
Project("{FAE04EC0-301F-11D3-BF4B-00C04F79EFBC}") = "Accounting.Business", "Accounting.Business\Accounting.Business.csproj", "{131A6854-BAD6-4D20-9151-2942190796AF}"
EndProject
Global
	GlobalSection(SolutionConfigurationPlatforms) = preSolution
		Debug|Any CPU = Debug|Any CPU
		Release|Any CPU = Release|Any CPU
	EndGlobalSection
	GlobalSection(ProjectConfigurationPlatforms) = postSolution
		{FC14089F-80A5-455A-A5F3-8321151283ED}.Debug|Any CPU.ActiveCfg = Debug|Any CPU
		{FC14089F-80A5-455A-A5F3-8321151283ED}.Debug|Any CPU.Build.0 = Debug|Any CPU
		{FC14089F-80A5-455A-A5F3-8321151283ED}.Release|Any CPU.ActiveCfg = Release|Any CPU
		{FC14089F-80A5-455A-A5F3-8321151283ED}.Release|Any CPU.Build.0 = Release|Any CPU
		{25B54B37-764E-49AC-858C-E45D5F21D312}.Debug|Any CPU.ActiveCfg = Debug|Any CPU
		{25B54B37-764E-49AC-858C-E45D5F21D312}.Debug|Any CPU.Build.0 = Debug|Any CPU
		{25B54B37-764E-49AC-858C-E45D5F21D312}.Release|Any CPU.ActiveCfg = Release|Any CPU
		{25B54B37-764E-49AC-858C-E45D5F21D312}.Release|Any CPU.Build.0 = Release|Any CPU
		{0E787F1A-7377-435A-8157-74CC2D1A6A8D}.Debug|Any CPU.ActiveCfg = Debug|Any CPU
		{0E787F1A-7377-435A-8157-74CC2D1A6A8D}.Debug|Any CPU.Build.0 = Debug|Any CPU
		{0E787F1A-7377-435A-8157-74CC2D1A6A8D}.Release|Any CPU.ActiveCfg = Release|Any CPU
		{0E787F1A-7377-435A-8157-74CC2D1A6A8D}.Release|Any CPU.Build.0 = Release|Any CPU
		{E206DE59-D464-473A-BBAB-5F4CFD8EDB09}.Debug|Any CPU.ActiveCfg = Debug|Any CPU
		{E206DE59-D464-473A-BBAB-5F4CFD8EDB09}.Debug|Any CPU.Build.0 = Debug|Any CPU
		{E206DE59-D464-473A-BBAB-5F4CFD8EDB09}.Release|Any CPU.ActiveCfg = Release|Any CPU
		{E206DE59-D464-473A-BBAB-5F4CFD8EDB09}.Release|Any CPU.Build.0 = Release|Any CPU
		{131A6854-BAD6-4D20-9151-2942190796AF}.Debug|Any CPU.ActiveCfg = Debug|Any CPU
		{131A6854-BAD6-4D20-9151-2942190796AF}.Debug|Any CPU.Build.0 = Debug|Any CPU
		{131A6854-BAD6-4D20-9151-2942190796AF}.Release|Any CPU.ActiveCfg = Release|Any CPU
		{131A6854-BAD6-4D20-9151-2942190796AF}.Release|Any CPU.Build.0 = Release|Any CPU
	EndGlobalSection
	GlobalSection(SolutionProperties) = preSolution
		HideSolutionNode = FALSE
	EndGlobalSection
	GlobalSection(ExtensibilityGlobals) = postSolution
		SolutionGuid = {BEE5018B-7BBF-4F9E-A880-CBE24F7570AE}
	EndGlobalSection
EndGlobal
